
Microsoft Visual Studio Solution File, Format Version 12.00
# Visual Studio Version 17
VisualStudioVersion = 17.10.35122.118
MinimumVisualStudioVersion = 10.0.40219.1
Project("{FAE04EC0-301F-11D3-BF4B-00C04F79EFBC}") = "Lesson24_Exam", "Lesson24_Exam\Lesson24_Exam.csproj", "{B0EA2009-7392-49FC-954F-3B472A572A41}"
EndProject
Global
	GlobalSection(SolutionConfigurationPlatforms) = preSolution
		Debug|Any CPU = Debug|Any CPU
		Release|Any CPU = Release|Any CPU
	EndGlobalSection
	GlobalSection(ProjectConfigurationPlatforms) = postSolution
		{B0EA2009-7392-49FC-954F-3B472A572A41}.Debug|Any CPU.ActiveCfg = Debug|Any CPU
		{B0EA2009-7392-49FC-954F-3B472A572A41}.Debug|Any CPU.Build.0 = Debug|Any CPU
		{B0EA2009-7392-49FC-954F-3B472A572A41}.Release|Any CPU.ActiveCfg = Release|Any CPU
		{B0EA2009-7392-49FC-954F-3B472A572A41}.Release|Any CPU.Build.0 = Release|Any CPU
	EndGlobalSection
	GlobalSection(SolutionProperties) = preSolution
		HideSolutionNode = FALSE
	EndGlobalSection
	GlobalSection(ExtensibilityGlobals) = postSolution
		SolutionGuid = {6059154D-6C0A-457E-9BD2-CC90AAB9D0F0}
	EndGlobalSection
EndGlobal
